
Microsoft Visual Studio Solution File, Format Version 12.00
# Visual Studio Version 17
VisualStudioVersion = 17.7.34003.232
MinimumVisualStudioVersion = 10.0.40219.1
Project("{8BC9CEB8-8B4A-11D0-8D11-00A0C91BC942}") = "Game", "Game\Game.vcxproj", "{4EE297A8-D458-4A78-A837-63D95A75F238}"
EndProject
Project("{8BC9CEB8-8B4A-11D0-8D11-00A0C91BC942}") = "CKR Engine", "CKR Engine\CKR Engine.vcxproj", "{7B3583C2-EA5A-4EB6-9D9C-9A1BC9647763}"
EndProject
Global
	GlobalSection(SolutionConfigurationPlatforms) = preSolution
		Debug|x64 = Debug|x64
		Release|x64 = Release|x64
	EndGlobalSection
	GlobalSection(ProjectConfigurationPlatforms) = postSolution
		{7B3583C2-EA5A-4EB6-9D9C-9A1BC9647763}.Debug|x64.ActiveCfg = Debug|x64
		{7B3583C2-EA5A-4EB6-9D9C-9A1BC9647763}.Debug|x64.Build.0 = Debug|x64
		{7B3583C2-EA5A-4EB6-9D9C-9A1BC9647763}.Release|x64.ActiveCfg = Release|x64
		{7B3583C2-EA5A-4EB6-9D9C-9A1BC9647763}.Release|x64.Build.0 = Release|x64
		{4EE297A8-D458-4A78-A837-63D95A75F238}.Debug|x64.ActiveCfg = Debug|x64
		{4EE297A8-D458-4A78-A837-63D95A75F238}.Debug|x64.Build.0 = Debug|x64
		{4EE297A8-D458-4A78-A837-63D95A75F238}.Release|x64.ActiveCfg = Release|x64
		{4EE297A8-D458-4A78-A837-63D95A75F238}.Release|x64.Build.0 = Release|x64
	EndGlobalSection
	GlobalSection(SolutionProperties) = preSolution
		HideSolutionNode = FALSE
	EndGlobalSection
	GlobalSection(ExtensibilityGlobals) = postSolution
		SolutionGuid = {3C004314-2DA6-4E59-98AF-E039B322D970}
	EndGlobalSection
EndGlobal
